
Microsoft Visual Studio Solution File, Format Version 12.00
# Visual Studio Version 18
VisualStudioVersion = 18.1.11304.174
MinimumVisualStudioVersion = 10.0.40219.1
Project("{2150E333-8FDC-42A3-9474-1A3956D46DE8}") = "SportsAPI", "SportsAPI", "{8D34BC52-1EA0-456E-A796-24D8ADD97CAC}"
EndProject
Project("{E53339B2-1760-4266-BCC7-CA923CBCF16C}") = "docker-compose", "docker-compose.dcproj", "{53E9DE0D-CC72-4FB9-B665-BF5FF72334BF}"
EndProject
Project("{2150E333-8FDC-42A3-9474-1A3956D46DE8}") = "MessagingService", "MessagingService", "{07232A56-8FF4-4293-81BE-8CEA1BE8CA7E}"
EndProject
Project("{2150E333-8FDC-42A3-9474-1A3956D46DE8}") = "NotificationService", "NotificationService", "{27E1D2CC-14AF-498E-A1EE-EC8012903E50}"
EndProject
Project("{2150E333-8FDC-42A3-9474-1A3956D46DE8}") = "IdentityService", "IdentityService", "{28A0ECCA-3C53-428C-9C13-E6403B165225}"
EndProject
Project("{2150E333-8FDC-42A3-9474-1A3956D46DE8}") = "Tests", "Tests", "{F045F33D-6774-4E3C-ADC6-C8BD5E5C49BB}"
EndProject
Project("{2150E333-8FDC-42A3-9474-1A3956D46DE8}") = "SportifyCore", "SportifyCore", "{02EA681E-C7D8-13C7-8484-4AC65E1B71E8}"
EndProject
Project("{2150E333-8FDC-42A3-9474-1A3956D46DE8}") = "Solution Items", "Solution Items", "{8EC462FD-D22E-90A8-E5CE-7E832BA40C5D}"
	ProjectSection(SolutionItems) = preProject
		.editorconfig = .editorconfig
		ReadMe.txt = ReadMe.txt
	EndProjectSection
EndProject
Project("{FAE04EC0-301F-11D3-BF4B-00C04F79EFBC}") = "Application", "sportsAPI\Application\Application.csproj", "{D8452206-6306-1705-1886-ADCF37DF5D22}"
EndProject
Project("{FAE04EC0-301F-11D3-BF4B-00C04F79EFBC}") = "Domain", "sportsAPI\Domain\Domain.csproj", "{8BDD0342-0CBC-932F-FE0B-5ADD2A4BE853}"
EndProject
Project("{FAE04EC0-301F-11D3-BF4B-00C04F79EFBC}") = "Infrastructure", "sportsAPI\Infrastructure\Infrastructure.csproj", "{5BD73A3A-1F47-0203-CF5A-433A6BD443FE}"
EndProject
Project("{FAE04EC0-301F-11D3-BF4B-00C04F79EFBC}") = "WebAPI", "sportsAPI\WebAPI\WebAPI.csproj", "{E2E3A7F1-5D9F-0D74-650F-BB56CEB9DD81}"
EndProject
Project("{FAE04EC0-301F-11D3-BF4B-00C04F79EFBC}") = "Application.Tests", "sportsAPI\Tests\Application.Tests\Application.Tests.csproj", "{1863F7E3-F6FC-5A50-BFE6-AD3F4CE0B261}"
EndProject
Project("{FAE04EC0-301F-11D3-BF4B-00C04F79EFBC}") = "Application", "SportifyCore\Application\Application.csproj", "{817DE857-1156-3F42-0DD1-69B3957D100B}"
EndProject
Project("{FAE04EC0-301F-11D3-BF4B-00C04F79EFBC}") = "Contracts", "SportifyCore\Contracts\Contracts.csproj", "{01FD1549-25E6-BAA0-CB17-FF83246AF9B9}"
EndProject
Project("{FAE04EC0-301F-11D3-BF4B-00C04F79EFBC}") = "Web", "SportifyCore\Web\Web.csproj", "{EDAF9A39-C8C7-5396-2214-01613A025138}"
EndProject
Project("{FAE04EC0-301F-11D3-BF4B-00C04F79EFBC}") = "Domain", "SportifyCore\Domain\Domain.csproj", "{DA44DE23-34BD-5134-F29D-22BECC31010A}"
EndProject
Project("{FAE04EC0-301F-11D3-BF4B-00C04F79EFBC}") = "Exceptions", "SportifyCore\Exceptions\Exceptions.csproj", "{57EBCAF7-E02A-C283-8576-722E59E12696}"
EndProject
Project("{FAE04EC0-301F-11D3-BF4B-00C04F79EFBC}") = "NotificationAPI", "NotificationAPI\NotificationAPI.csproj", "{DA8056EF-29BE-93E0-F479-3A73AC1A12E0}"
EndProject
Project("{FAE04EC0-301F-11D3-BF4B-00C04F79EFBC}") = "BuildingBlocks.Messageing", "Messaging\BuildingBlocks.Messageing\BuildingBlocks.Messageing.csproj", "{A1FB8B0A-E322-3620-E287-C5946562FD52}"
EndProject
Project("{FAE04EC0-301F-11D3-BF4B-00C04F79EFBC}") = "IdentityService", "IdentityService\IdentityService.csproj", "{A234FC94-AA51-A558-AC74-0D69EA0D971A}"
EndProject
Global
	GlobalSection(SolutionConfigurationPlatforms) = preSolution
		Debug|Any CPU = Debug|Any CPU
		Release|Any CPU = Release|Any CPU
	EndGlobalSection
	GlobalSection(ProjectConfigurationPlatforms) = postSolution
		{53E9DE0D-CC72-4FB9-B665-BF5FF72334BF}.Debug|Any CPU.ActiveCfg = Debug|Any CPU
		{53E9DE0D-CC72-4FB9-B665-BF5FF72334BF}.Debug|Any CPU.Build.0 = Debug|Any CPU
		{53E9DE0D-CC72-4FB9-B665-BF5FF72334BF}.Release|Any CPU.ActiveCfg = Release|Any CPU
		{53E9DE0D-CC72-4FB9-B665-BF5FF72334BF}.Release|Any CPU.Build.0 = Release|Any CPU
		{D8452206-6306-1705-1886-ADCF37DF5D22}.Debug|Any CPU.ActiveCfg = Debug|Any CPU
		{D8452206-6306-1705-1886-ADCF37DF5D22}.Debug|Any CPU.Build.0 = Debug|Any CPU
		{D8452206-6306-1705-1886-ADCF37DF5D22}.Release|Any CPU.ActiveCfg = Release|Any CPU
		{D8452206-6306-1705-1886-ADCF37DF5D22}.Release|Any CPU.Build.0 = Release|Any CPU
		{8BDD0342-0CBC-932F-FE0B-5ADD2A4BE853}.Debug|Any CPU.ActiveCfg = Debug|Any CPU
		{8BDD0342-0CBC-932F-FE0B-5ADD2A4BE853}.Debug|Any CPU.Build.0 = Debug|Any CPU
		{8BDD0342-0CBC-932F-FE0B-5ADD2A4BE853}.Release|Any CPU.ActiveCfg = Release|Any CPU
		{8BDD0342-0CBC-932F-FE0B-5ADD2A4BE853}.Release|Any CPU.Build.0 = Release|Any CPU
		{5BD73A3A-1F47-0203-CF5A-433A6BD443FE}.Debug|Any CPU.ActiveCfg = Debug|Any CPU
		{5BD73A3A-1F47-0203-CF5A-433A6BD443FE}.Debug|Any CPU.Build.0 = Debug|Any CPU
		{5BD73A3A-1F47-0203-CF5A-433A6BD443FE}.Release|Any CPU.ActiveCfg = Release|Any CPU
		{5BD73A3A-1F47-0203-CF5A-433A6BD443FE}.Release|Any CPU.Build.0 = Release|Any CPU
		{E2E3A7F1-5D9F-0D74-650F-BB56CEB9DD81}.Debug|Any CPU.ActiveCfg = Debug|Any CPU
		{E2E3A7F1-5D9F-0D74-650F-BB56CEB9DD81}.Debug|Any CPU.Build.0 = Debug|Any CPU
		{E2E3A7F1-5D9F-0D74-650F-BB56CEB9DD81}.Release|Any CPU.ActiveCfg = Release|Any CPU
		{E2E3A7F1-5D9F-0D74-650F-BB56CEB9DD81}.Release|Any CPU.Build.0 = Release|Any CPU
		{1863F7E3-F6FC-5A50-BFE6-AD3F4CE0B261}.Debug|Any CPU.ActiveCfg = Debug|Any CPU
		{1863F7E3-F6FC-5A50-BFE6-AD3F4CE0B261}.Debug|Any CPU.Build.0 = Debug|Any CPU
		{1863F7E3-F6FC-5A50-BFE6-AD3F4CE0B261}.Release|Any CPU.ActiveCfg = Release|Any CPU
		{1863F7E3-F6FC-5A50-BFE6-AD3F4CE0B261}.Release|Any CPU.Build.0 = Release|Any CPU
		{817DE857-1156-3F42-0DD1-69B3957D100B}.Debug|Any CPU.ActiveCfg = Debug|Any CPU
		{817DE857-1156-3F42-0DD1-69B3957D100B}.Debug|Any CPU.Build.0 = Debug|Any CPU
		{817DE857-1156-3F42-0DD1-69B3957D100B}.Release|Any CPU.ActiveCfg = Release|Any CPU
		{817DE857-1156-3F42-0DD1-69B3957D100B}.Release|Any CPU.Build.0 = Release|Any CPU
		{01FD1549-25E6-BAA0-CB17-FF83246AF9B9}.Debug|Any CPU.ActiveCfg = Debug|Any CPU
		{01FD1549-25E6-BAA0-CB17-FF83246AF9B9}.Debug|Any CPU.Build.0 = Debug|Any CPU
		{01FD1549-25E6-BAA0-CB17-FF83246AF9B9}.Release|Any CPU.ActiveCfg = Release|Any CPU
		{01FD1549-25E6-BAA0-CB17-FF83246AF9B9}.Release|Any CPU.Build.0 = Release|Any CPU
		{EDAF9A39-C8C7-5396-2214-01613A025138}.Debug|Any CPU.ActiveCfg = Debug|Any CPU
		{EDAF9A39-C8C7-5396-2214-01613A025138}.Debug|Any CPU.Build.0 = Debug|Any CPU
		{EDAF9A39-C8C7-5396-2214-01613A025138}.Release|Any CPU.ActiveCfg = Release|Any CPU
		{EDAF9A39-C8C7-5396-2214-01613A025138}.Release|Any CPU.Build.0 = Release|Any CPU
		{DA44DE23-34BD-5134-F29D-22BECC31010A}.Debug|Any CPU.ActiveCfg = Debug|Any CPU
		{DA44DE23-34BD-5134-F29D-22BECC31010A}.Debug|Any CPU.Build.0 = Debug|Any CPU
		{DA44DE23-34BD-5134-F29D-22BECC31010A}.Release|Any CPU.ActiveCfg = Release|Any CPU
		{DA44DE23-34BD-5134-F29D-22BECC31010A}.Release|Any CPU.Build.0 = Release|Any CPU
		{57EBCAF7-E02A-C283-8576-722E59E12696}.Debug|Any CPU.ActiveCfg = Debug|Any CPU
		{57EBCAF7-E02A-C283-8576-722E59E12696}.Debug|Any CPU.Build.0 = Debug|Any CPU
		{57EBCAF7-E02A-C283-8576-722E59E12696}.Release|Any CPU.ActiveCfg = Release|Any CPU
		{57EBCAF7-E02A-C283-8576-722E59E12696}.Release|Any CPU.Build.0 = Release|Any CPU
		{DA8056EF-29BE-93E0-F479-3A73AC1A12E0}.Debug|Any CPU.ActiveCfg = Debug|Any CPU
		{DA8056EF-29BE-93E0-F479-3A73AC1A12E0}.Debug|Any CPU.Build.0 = Debug|Any CPU
		{DA8056EF-29BE-93E0-F479-3A73AC1A12E0}.Release|Any CPU.ActiveCfg = Release|Any CPU
		{DA8056EF-29BE-93E0-F479-3A73AC1A12E0}.Release|Any CPU.Build.0 = Release|Any CPU
		{A1FB8B0A-E322-3620-E287-C5946562FD52}.Debug|Any CPU.ActiveCfg = Debug|Any CPU
		{A1FB8B0A-E322-3620-E287-C5946562FD52}.Debug|Any CPU.Build.0 = Debug|Any CPU
		{A1FB8B0A-E322-3620-E287-C5946562FD52}.Release|Any CPU.ActiveCfg = Release|Any CPU
		{A1FB8B0A-E322-3620-E287-C5946562FD52}.Release|Any CPU.Build.0 = Release|Any CPU
		{A234FC94-AA51-A558-AC74-0D69EA0D971A}.Debug|Any CPU.ActiveCfg = Debug|Any CPU
		{A234FC94-AA51-A558-AC74-0D69EA0D971A}.Debug|Any CPU.Build.0 = Debug|Any CPU
		{A234FC94-AA51-A558-AC74-0D69EA0D971A}.Release|Any CPU.ActiveCfg = Release|Any CPU
		{A234FC94-AA51-A558-AC74-0D69EA0D971A}.Release|Any CPU.Build.0 = Release|Any CPU
	EndGlobalSection
	GlobalSection(SolutionProperties) = preSolution
		HideSolutionNode = FALSE
	EndGlobalSection
	GlobalSection(NestedProjects) = preSolution
		{F045F33D-6774-4E3C-ADC6-C8BD5E5C49BB} = {8D34BC52-1EA0-456E-A796-24D8ADD97CAC}
		{D8452206-6306-1705-1886-ADCF37DF5D22} = {8D34BC52-1EA0-456E-A796-24D8ADD97CAC}
		{8BDD0342-0CBC-932F-FE0B-5ADD2A4BE853} = {8D34BC52-1EA0-456E-A796-24D8ADD97CAC}
		{5BD73A3A-1F47-0203-CF5A-433A6BD443FE} = {8D34BC52-1EA0-456E-A796-24D8ADD97CAC}
		{E2E3A7F1-5D9F-0D74-650F-BB56CEB9DD81} = {8D34BC52-1EA0-456E-A796-24D8ADD97CAC}
		{1863F7E3-F6FC-5A50-BFE6-AD3F4CE0B261} = {F045F33D-6774-4E3C-ADC6-C8BD5E5C49BB}
		{817DE857-1156-3F42-0DD1-69B3957D100B} = {02EA681E-C7D8-13C7-8484-4AC65E1B71E8}
		{01FD1549-25E6-BAA0-CB17-FF83246AF9B9} = {02EA681E-C7D8-13C7-8484-4AC65E1B71E8}
		{EDAF9A39-C8C7-5396-2214-01613A025138} = {02EA681E-C7D8-13C7-8484-4AC65E1B71E8}
		{DA44DE23-34BD-5134-F29D-22BECC31010A} = {02EA681E-C7D8-13C7-8484-4AC65E1B71E8}
		{57EBCAF7-E02A-C283-8576-722E59E12696} = {02EA681E-C7D8-13C7-8484-4AC65E1B71E8}
		{DA8056EF-29BE-93E0-F479-3A73AC1A12E0} = {27E1D2CC-14AF-498E-A1EE-EC8012903E50}
		{A1FB8B0A-E322-3620-E287-C5946562FD52} = {07232A56-8FF4-4293-81BE-8CEA1BE8CA7E}
		{A234FC94-AA51-A558-AC74-0D69EA0D971A} = {28A0ECCA-3C53-428C-9C13-E6403B165225}
	EndGlobalSection
	GlobalSection(ExtensibilityGlobals) = postSolution
		SolutionGuid = {C30EA308-F1AA-4123-929B-731EC90A1C9D}
	EndGlobalSection
EndGlobal
