
Microsoft Visual Studio Solution File, Format Version 12.00
# Visual Studio Version 17
VisualStudioVersion = 17.12.35506.116
MinimumVisualStudioVersion = 10.0.40219.1
Project("{FAE04EC0-301F-11D3-BF4B-00C04F79EFBC}") = "Application", "src\SportsAPI\Application\Application.csproj", "{A0B52644-3759-4FE4-82D8-13CE6B6BB404}"
EndProject
Project("{FAE04EC0-301F-11D3-BF4B-00C04F79EFBC}") = "Domain", "src\SportsAPI\Domain\Domain.csproj", "{379A341C-CD32-4CE3-AFFA-3E32535E4940}"
EndProject
Project("{FAE04EC0-301F-11D3-BF4B-00C04F79EFBC}") = "Infrastructure", "src\SportsAPI\Infrastructure\Infrastructure.csproj", "{85C93249-4EF7-40D7-B669-CB5C0E77D682}"
EndProject
Project("{FAE04EC0-301F-11D3-BF4B-00C04F79EFBC}") = "WebAPI", "src\SportsAPI\WebAPI\WebAPI.csproj", "{18120A16-9944-4CDB-9B61-2C449FC2493C}"
EndProject
Project("{2150E333-8FDC-42A3-9474-1A3956D46DE8}") = "SportsAPI", "SportsAPI", "{8D34BC52-1EA0-456E-A796-24D8ADD97CAC}"
EndProject
Project("{E53339B2-1760-4266-BCC7-CA923CBCF16C}") = "docker-compose", "docker-compose.dcproj", "{53E9DE0D-CC72-4FB9-B665-BF5FF72334BF}"
EndProject
Project("{2150E333-8FDC-42A3-9474-1A3956D46DE8}") = "MessagingService", "MessagingService", "{07232A56-8FF4-4293-81BE-8CEA1BE8CA7E}"
EndProject
Project("{FAE04EC0-301F-11D3-BF4B-00C04F79EFBC}") = "NotificationAPI", "src\NotificationAPI\NotificationAPI.csproj", "{994EBDCA-1455-4BA6-837B-5229E90B8177}"
EndProject
Project("{2150E333-8FDC-42A3-9474-1A3956D46DE8}") = "NotificationService", "NotificationService", "{27E1D2CC-14AF-498E-A1EE-EC8012903E50}"
EndProject
Project("{FAE04EC0-301F-11D3-BF4B-00C04F79EFBC}") = "BuildingBlocks", "src\Messaging\BuildingBlocks\BuildingBlocks.csproj", "{B2264394-F293-4EE1-BD91-CB46CF430BAA}"
EndProject
Project("{FAE04EC0-301F-11D3-BF4B-00C04F79EFBC}") = "BuildingBlocks.Messageing", "src\Messaging\BuildingBlocks.Messageing\BuildingBlocks.Messageing.csproj", "{A5DCFA8A-C831-4301-B2C8-3BF78FB15B8A}"
EndProject
Project("{2150E333-8FDC-42A3-9474-1A3956D46DE8}") = "IdentityService", "IdentityService", "{28A0ECCA-3C53-428C-9C13-E6403B165225}"
EndProject
Project("{FAE04EC0-301F-11D3-BF4B-00C04F79EFBC}") = "IdentityService", "src\IdentityService\IdentityService.csproj", "{4D96318C-F00E-4C60-8965-44F6F3EC4980}"
EndProject
Project("{2150E333-8FDC-42A3-9474-1A3956D46DE8}") = "Tests", "Tests", "{F045F33D-6774-4E3C-ADC6-C8BD5E5C49BB}"
EndProject
Project("{FAE04EC0-301F-11D3-BF4B-00C04F79EFBC}") = "Application.Tests", "src\SportsAPI\Tests\Application.Tests\Application.Tests.csproj", "{AE92EE34-4473-4D96-B0CD-9105C3C72A13}"
EndProject
Global
	GlobalSection(SolutionConfigurationPlatforms) = preSolution
		Debug|Any CPU = Debug|Any CPU
		Release|Any CPU = Release|Any CPU
	EndGlobalSection
	GlobalSection(ProjectConfigurationPlatforms) = postSolution
		{A0B52644-3759-4FE4-82D8-13CE6B6BB404}.Debug|Any CPU.ActiveCfg = Debug|Any CPU
		{A0B52644-3759-4FE4-82D8-13CE6B6BB404}.Debug|Any CPU.Build.0 = Debug|Any CPU
		{A0B52644-3759-4FE4-82D8-13CE6B6BB404}.Release|Any CPU.ActiveCfg = Release|Any CPU
		{A0B52644-3759-4FE4-82D8-13CE6B6BB404}.Release|Any CPU.Build.0 = Release|Any CPU
		{379A341C-CD32-4CE3-AFFA-3E32535E4940}.Debug|Any CPU.ActiveCfg = Debug|Any CPU
		{379A341C-CD32-4CE3-AFFA-3E32535E4940}.Debug|Any CPU.Build.0 = Debug|Any CPU
		{379A341C-CD32-4CE3-AFFA-3E32535E4940}.Release|Any CPU.ActiveCfg = Release|Any CPU
		{379A341C-CD32-4CE3-AFFA-3E32535E4940}.Release|Any CPU.Build.0 = Release|Any CPU
		{85C93249-4EF7-40D7-B669-CB5C0E77D682}.Debug|Any CPU.ActiveCfg = Debug|Any CPU
		{85C93249-4EF7-40D7-B669-CB5C0E77D682}.Debug|Any CPU.Build.0 = Debug|Any CPU
		{85C93249-4EF7-40D7-B669-CB5C0E77D682}.Release|Any CPU.ActiveCfg = Release|Any CPU
		{85C93249-4EF7-40D7-B669-CB5C0E77D682}.Release|Any CPU.Build.0 = Release|Any CPU
		{18120A16-9944-4CDB-9B61-2C449FC2493C}.Debug|Any CPU.ActiveCfg = Debug|Any CPU
		{18120A16-9944-4CDB-9B61-2C449FC2493C}.Debug|Any CPU.Build.0 = Debug|Any CPU
		{18120A16-9944-4CDB-9B61-2C449FC2493C}.Release|Any CPU.ActiveCfg = Release|Any CPU
		{18120A16-9944-4CDB-9B61-2C449FC2493C}.Release|Any CPU.Build.0 = Release|Any CPU
		{53E9DE0D-CC72-4FB9-B665-BF5FF72334BF}.Debug|Any CPU.ActiveCfg = Debug|Any CPU
		{53E9DE0D-CC72-4FB9-B665-BF5FF72334BF}.Debug|Any CPU.Build.0 = Debug|Any CPU
		{53E9DE0D-CC72-4FB9-B665-BF5FF72334BF}.Release|Any CPU.ActiveCfg = Release|Any CPU
		{53E9DE0D-CC72-4FB9-B665-BF5FF72334BF}.Release|Any CPU.Build.0 = Release|Any CPU
		{994EBDCA-1455-4BA6-837B-5229E90B8177}.Debug|Any CPU.ActiveCfg = Debug|Any CPU
		{994EBDCA-1455-4BA6-837B-5229E90B8177}.Debug|Any CPU.Build.0 = Debug|Any CPU
		{994EBDCA-1455-4BA6-837B-5229E90B8177}.Release|Any CPU.ActiveCfg = Release|Any CPU
		{994EBDCA-1455-4BA6-837B-5229E90B8177}.Release|Any CPU.Build.0 = Release|Any CPU
		{B2264394-F293-4EE1-BD91-CB46CF430BAA}.Debug|Any CPU.ActiveCfg = Debug|Any CPU
		{B2264394-F293-4EE1-BD91-CB46CF430BAA}.Debug|Any CPU.Build.0 = Debug|Any CPU
		{B2264394-F293-4EE1-BD91-CB46CF430BAA}.Release|Any CPU.ActiveCfg = Release|Any CPU
		{B2264394-F293-4EE1-BD91-CB46CF430BAA}.Release|Any CPU.Build.0 = Release|Any CPU
		{A5DCFA8A-C831-4301-B2C8-3BF78FB15B8A}.Debug|Any CPU.ActiveCfg = Debug|Any CPU
		{A5DCFA8A-C831-4301-B2C8-3BF78FB15B8A}.Debug|Any CPU.Build.0 = Debug|Any CPU
		{A5DCFA8A-C831-4301-B2C8-3BF78FB15B8A}.Release|Any CPU.ActiveCfg = Release|Any CPU
		{A5DCFA8A-C831-4301-B2C8-3BF78FB15B8A}.Release|Any CPU.Build.0 = Release|Any CPU
		{4D96318C-F00E-4C60-8965-44F6F3EC4980}.Debug|Any CPU.ActiveCfg = Debug|Any CPU
		{4D96318C-F00E-4C60-8965-44F6F3EC4980}.Debug|Any CPU.Build.0 = Debug|Any CPU
		{4D96318C-F00E-4C60-8965-44F6F3EC4980}.Release|Any CPU.ActiveCfg = Release|Any CPU
		{4D96318C-F00E-4C60-8965-44F6F3EC4980}.Release|Any CPU.Build.0 = Release|Any CPU
		{AE92EE34-4473-4D96-B0CD-9105C3C72A13}.Debug|Any CPU.ActiveCfg = Debug|Any CPU
		{AE92EE34-4473-4D96-B0CD-9105C3C72A13}.Debug|Any CPU.Build.0 = Debug|Any CPU
		{AE92EE34-4473-4D96-B0CD-9105C3C72A13}.Release|Any CPU.ActiveCfg = Release|Any CPU
		{AE92EE34-4473-4D96-B0CD-9105C3C72A13}.Release|Any CPU.Build.0 = Release|Any CPU
	EndGlobalSection
	GlobalSection(SolutionProperties) = preSolution
		HideSolutionNode = FALSE
	EndGlobalSection
	GlobalSection(NestedProjects) = preSolution
		{A0B52644-3759-4FE4-82D8-13CE6B6BB404} = {8D34BC52-1EA0-456E-A796-24D8ADD97CAC}
		{379A341C-CD32-4CE3-AFFA-3E32535E4940} = {8D34BC52-1EA0-456E-A796-24D8ADD97CAC}
		{85C93249-4EF7-40D7-B669-CB5C0E77D682} = {8D34BC52-1EA0-456E-A796-24D8ADD97CAC}
		{18120A16-9944-4CDB-9B61-2C449FC2493C} = {8D34BC52-1EA0-456E-A796-24D8ADD97CAC}
		{994EBDCA-1455-4BA6-837B-5229E90B8177} = {27E1D2CC-14AF-498E-A1EE-EC8012903E50}
		{B2264394-F293-4EE1-BD91-CB46CF430BAA} = {07232A56-8FF4-4293-81BE-8CEA1BE8CA7E}
		{A5DCFA8A-C831-4301-B2C8-3BF78FB15B8A} = {07232A56-8FF4-4293-81BE-8CEA1BE8CA7E}
		{4D96318C-F00E-4C60-8965-44F6F3EC4980} = {28A0ECCA-3C53-428C-9C13-E6403B165225}
		{F045F33D-6774-4E3C-ADC6-C8BD5E5C49BB} = {8D34BC52-1EA0-456E-A796-24D8ADD97CAC}
		{AE92EE34-4473-4D96-B0CD-9105C3C72A13} = {F045F33D-6774-4E3C-ADC6-C8BD5E5C49BB}
	EndGlobalSection
EndGlobal
